{
  "lockfileVersion": 1,
  "configVersion": 1,
  "workspaces": {
    "": {
      "name": "weft-order-processing-example",
      "dependencies": {
        "@lostgradient/weft": "file:../..",
      },
      "devDependencies": {
        "@types/bun": "1.3.13",
        "oxlint": "1.56.0",
        "typescript": "5.9.3",
      },
    },
  },
  "packages": {
    "@harperfast/extended-iterable": ["@harperfast/extended-iterable@1.0.3", "", {}, "sha512-sSAYhQca3rDWtQUHSAPeO7axFIUJOI6hn1gjRC5APVE1a90tuyT8f5WIgRsFhhWA7htNkju2veB9eWL6YHi/Lw=="],

    "@libsql/client": ["@libsql/client@0.17.3", "", { "dependencies": { "@libsql/core": "^0.17.3", "@libsql/hrana-client": "^0.10.0", "js-base64": "^3.7.5", "libsql": "^0.5.28", "promise-limit": "^2.7.0" } }, "sha512-HXk9wiAoJbKFbyBH4O+aEhN6ir5ERXuXvwE5OD2eR4/5RUa3Pw/8L9zrnVdU+iNJitRvisPWaIwmhkO3bH7giA=="],

    "@libsql/core": ["@libsql/core@0.17.3", "", { "dependencies": { "js-base64": "^3.7.5" } }, "sha512-2UjK1i7JBkMduJo4WdvvBxMMvVJ31pArBZNONyz/GCJJAH+1UHat2X6vn10S/WpY5fKzIT98WqYFl2vzWRLOfg=="],

    "@libsql/darwin-arm64": ["@libsql/darwin-arm64@0.5.29", "", { "os": "darwin", "cpu": "arm64" }, "sha512-K+2RIB1OGFPYQbfay48GakLhqf3ArcbHqPFu7EZiaUcRgFcdw8RoltsMyvbj5ix2fY0HV3Q3Ioa/ByvQdaSM0A=="],

    "@libsql/darwin-x64": ["@libsql/darwin-x64@0.5.29", "", { "os": "darwin", "cpu": "x64" }, "sha512-OtT+KFHsKFy1R5FVadr8FJ2Bb1mghtXTyJkxv0trocq7NuHntSki1eUbxpO5ezJesDvBlqFjnWaYYY516QNLhQ=="],

    "@libsql/hrana-client": ["@libsql/hrana-client@0.10.0", "", { "dependencies": { "@libsql/isomorphic-ws": "^0.1.5", "js-base64": "^3.7.5" } }, "sha512-OoA4EMqRAC7kn7V2P6EQqRcpZf2W+AjsNIyCizBg339Tq/aMC7sRnzs3SklderhmQWAqEzvv8A2vhxVmWpkVvw=="],

    "@libsql/isomorphic-ws": ["@libsql/isomorphic-ws@0.1.5", "", { "dependencies": { "@types/ws": "^8.5.4", "ws": "^8.13.0" } }, "sha512-DtLWIH29onUYR00i0GlQ3UdcTRC6EP4u9w/h9LxpUZJWRMARk6dQwZ6Jkd+QdwVpuAOrdxt18v0K2uIYR3fwFg=="],

    "@libsql/linux-arm-gnueabihf": ["@libsql/linux-arm-gnueabihf@0.5.29", "", { "os": "linux", "cpu": "arm" }, "sha512-CD4n4zj7SJTHso4nf5cuMoWoMSS7asn5hHygsDuhRl8jjjCTT3yE+xdUvI4J7zsyb53VO5ISh4cwwOtf6k2UhQ=="],

    "@libsql/linux-arm-musleabihf": ["@libsql/linux-arm-musleabihf@0.5.29", "", { "os": "linux", "cpu": "arm" }, "sha512-2Z9qBVpEJV7OeflzIR3+l5yAd4uTOLxklScYTwpZnkm2vDSGlC1PRlueLaufc4EFITkLKXK2MWBpexuNJfMVcg=="],

    "@libsql/linux-arm64-gnu": ["@libsql/linux-arm64-gnu@0.5.29", "", { "os": "linux", "cpu": "arm64" }, "sha512-gURBqaiXIGGwFNEaUj8Ldk7Hps4STtG+31aEidCk5evMMdtsdfL3HPCpvys+ZF/tkOs2MWlRWoSq7SOuCE9k3w=="],

    "@libsql/linux-arm64-musl": ["@libsql/linux-arm64-musl@0.5.29", "", { "os": "linux", "cpu": "arm64" }, "sha512-fwgYZ0H8mUkyVqXZHF3mT/92iIh1N94Owi/f66cPVNsk9BdGKq5gVpoKO+7UxaNzuEH1roJp2QEwsCZMvBLpqg=="],

    "@libsql/linux-x64-gnu": ["@libsql/linux-x64-gnu@0.5.29", "", { "os": "linux", "cpu": "x64" }, "sha512-y14V0vY0nmMC6G0pHeJcEarcnGU2H6cm21ZceRkacWHvQAEhAG0latQkCtoS2njFOXiYIg+JYPfAoWKbi82rkg=="],

    "@libsql/linux-x64-musl": ["@libsql/linux-x64-musl@0.5.29", "", { "os": "linux", "cpu": "x64" }, "sha512-gquqwA/39tH4pFl+J9n3SOMSymjX+6kZ3kWgY3b94nXFTwac9bnFNMffIomgvlFaC4ArVqMnOZD3nuJ3H3VO1w=="],

    "@libsql/win32-x64-msvc": ["@libsql/win32-x64-msvc@0.5.29", "", { "os": "win32", "cpu": "x64" }, "sha512-4/0CvEdhi6+KjMxMaVbFM2n2Z44escBRoEYpR+gZg64DdetzGnYm8mcNLcoySaDJZNaBd6wz5DNdgRmcI4hXcg=="],

    "@lmdb/lmdb-darwin-arm64": ["@lmdb/lmdb-darwin-arm64@3.5.4", "", { "os": "darwin", "cpu": "arm64" }, "sha512-Kk4Kz3iyu1QiLsLZBS9Af1eSKUC8VR2T+/jyE2iAyuGw2VwK08pp5iTbZnXn6sWu0LogO/RFktMxOjiDA2sS3w=="],

    "@lmdb/lmdb-darwin-x64": ["@lmdb/lmdb-darwin-x64@3.5.4", "", { "os": "darwin", "cpu": "x64" }, "sha512-BEe5Rp3trn26oxoXOVL5HVDoiYmjUDwr8NRPkBOdUdCSBEorKI+7JrZLRKAdxO+G6cGQLgseXk0gR7qIQa7aGw=="],

    "@lmdb/lmdb-linux-arm": ["@lmdb/lmdb-linux-arm@3.5.4", "", { "os": "linux", "cpu": "arm" }, "sha512-SGbFR7816uBcTHc2ZY4S6WyOkl9bICnzqTQd2Mv4V/j24cfds88xx2nC6cm/y8zGQL7Ds31YF/5NGxjgcdM5Hw=="],

    "@lmdb/lmdb-linux-arm64": ["@lmdb/lmdb-linux-arm64@3.5.4", "", { "os": "linux", "cpu": "arm64" }, "sha512-cUXEengO8o60v1SWerJTH4/RH4U3+9jC0/4njp2Z9NdmvaGzhKsbRM2wpXuRYrN8tytsoJCg0SvWEWwHAwLbCA=="],

    "@lmdb/lmdb-linux-x64": ["@lmdb/lmdb-linux-x64@3.5.4", "", { "os": "linux", "cpu": "x64" }, "sha512-Gxq8jpgOWXwd0PUR+c9R2Ik1/uBnGd5GMIIzRRDqABCkvmjtC3KWcyhesV9jSPCz759isl0NlbsstZ2oyvk8lA=="],

    "@lmdb/lmdb-win32-arm64": ["@lmdb/lmdb-win32-arm64@3.5.4", "", { "os": "win32", "cpu": "arm64" }, "sha512-pKv1DJ1bPZAaHkdFsSz5IDfUG8x9vntgquXF9/Dm2xuupcIe/EkLzylpoBxppFVK5vzbV561Dq26jNY2fIMA7g=="],

    "@lmdb/lmdb-win32-x64": ["@lmdb/lmdb-win32-x64@3.5.4", "", { "os": "win32", "cpu": "x64" }, "sha512-JF1BmLCm9kGEVZgYmJq43zeQVdHVgAJnTi/NURWEsy6L1ZrrlSmdltS+D17QN4LODwf+1LMXAA9auIZVXtWwzw=="],

    "@lostgradient/weft": ["@lostgradient/weft@file:../..", { "dependencies": { "@msgpack/msgpack": "^3.1.3", "change-case": "^5.4.4", "zod": "^4.3.6" }, "devDependencies": { "@libsql/client": "^0.17.2", "@types/bun": "^1.3.13", "better-sqlite3": "^12.8.0", "chalk": "^5.6.2", "fake-indexeddb": "^6.2.5", "husky": "^9.1.7", "lint-staged": "^16.4.0", "lmdb": "^3.5.2", "oxlint": "^1.56.0", "oxlint-tsgolint": "^0.17.0", "prettier": "^3.8.1", "prettier-plugin-organize-imports": "^4.3.0", "sort-package-json": "^3.6.1", "valibot": "^1.4.0" }, "optionalDependencies": { "@valibot/to-json-schema": "^1.7.0" }, "peerDependencies": { "@libsql/client": "^0.17.2", "@opentelemetry/api": "^1.0.0", "lmdb": "^3.5.2" }, "optionalPeers": ["@libsql/client", "@opentelemetry/api", "lmdb"], "bin": { "weft": "./dist/cli-main.js", "weft-mcp": "./dist/mcp/cli.js" } }],

    "@msgpack/msgpack": ["@msgpack/msgpack@3.1.3", "", {}, "sha512-47XIizs9XZXvuJgoaJUIE2lFoID8ugvc0jzSHP+Ptfk8nTbnR8g788wv48N03Kx0UkAv559HWRQ3yzOgzlRNUA=="],

    "@msgpackr-extract/msgpackr-extract-darwin-arm64": ["@msgpackr-extract/msgpackr-extract-darwin-arm64@3.0.3", "", { "os": "darwin", "cpu": "arm64" }, "sha512-QZHtlVgbAdy2zAqNA9Gu1UpIuI8Xvsd1v8ic6B2pZmeFnFcMWiPLfWXh7TVw4eGEZ/C9TH281KwhVoeQUKbyjw=="],

    "@msgpackr-extract/msgpackr-extract-darwin-x64": ["@msgpackr-extract/msgpackr-extract-darwin-x64@3.0.3", "", { "os": "darwin", "cpu": "x64" }, "sha512-mdzd3AVzYKuUmiWOQ8GNhl64/IoFGol569zNRdkLReh6LRLHOXxU4U8eq0JwaD8iFHdVGqSy4IjFL4reoWCDFw=="],

    "@msgpackr-extract/msgpackr-extract-linux-arm": ["@msgpackr-extract/msgpackr-extract-linux-arm@3.0.3", "", { "os": "linux", "cpu": "arm" }, "sha512-fg0uy/dG/nZEXfYilKoRe7yALaNmHoYeIoJuJ7KJ+YyU2bvY8vPv27f7UKhGRpY6euFYqEVhxCFZgAUNQBM3nw=="],

    "@msgpackr-extract/msgpackr-extract-linux-arm64": ["@msgpackr-extract/msgpackr-extract-linux-arm64@3.0.3", "", { "os": "linux", "cpu": "arm64" }, "sha512-YxQL+ax0XqBJDZiKimS2XQaf+2wDGVa1enVRGzEvLLVFeqa5kx2bWbtcSXgsxjQB7nRqqIGFIcLteF/sHeVtQg=="],

    "@msgpackr-extract/msgpackr-extract-linux-x64": ["@msgpackr-extract/msgpackr-extract-linux-x64@3.0.3", "", { "os": "linux", "cpu": "x64" }, "sha512-cvwNfbP07pKUfq1uH+S6KJ7dT9K8WOE4ZiAcsrSes+UY55E/0jLYc+vq+DO7jlmqRb5zAggExKm0H7O/CBaesg=="],

    "@msgpackr-extract/msgpackr-extract-win32-x64": ["@msgpackr-extract/msgpackr-extract-win32-x64@3.0.3", "", { "os": "win32", "cpu": "x64" }, "sha512-x0fWaQtYp4E6sktbsdAqnehxDgEc/VwM7uLsRCYWaiGu0ykYdZPiS8zCWdnjHwyiumousxfBm4SO31eXqwEZhQ=="],

    "@neon-rs/load": ["@neon-rs/load@0.0.4", "", {}, "sha512-kTPhdZyTQxB+2wpiRcFWrDcejc4JI6tkPuS7UZCG4l6Zvc5kU/gGQ/ozvHTh1XR5tS+UlfAfGuPajjzQjCiHCw=="],

    "@oxlint-tsgolint/darwin-arm64": ["@oxlint-tsgolint/darwin-arm64@0.17.4", "", { "os": "darwin", "cpu": "arm64" }, "sha512-XEA7vl/T1+wiVnMq2MR6u5OYr2pwKHiAPgklxpK8tPrjQ1ci/amNmwI8ECn6TPXSCsC8SJsSN5xvzXm5H3dTfw=="],

    "@oxlint-tsgolint/darwin-x64": ["@oxlint-tsgolint/darwin-x64@0.17.4", "", { "os": "darwin", "cpu": "x64" }, "sha512-EY2wmHWqkz72B0/ddMiAM564ZXpEuN1i7JqJJhLmDUQfiHX0/X0EqK3xlSScMCFcVicitOxbKO9oqbde3658yg=="],

    "@oxlint-tsgolint/linux-arm64": ["@oxlint-tsgolint/linux-arm64@0.17.4", "", { "os": "linux", "cpu": "arm64" }, "sha512-XL2X8hgp3/TZWeHFLUnWrveTCBPxy1kNtpzfvVkLtBgyoaRyopPYL0Mnm+ypXKgGvUdcjDaiJhnRjFHWmqZkew=="],

    "@oxlint-tsgolint/linux-x64": ["@oxlint-tsgolint/linux-x64@0.17.4", "", { "os": "linux", "cpu": "x64" }, "sha512-jT+aWtQuU8jefwfBLAZu16p4t8xUDjxL6KKlOeuwX3cS6NO60ITJ4Glm8eQYq5cGsOmYIKXNIe4ckPpL5LC+5g=="],

    "@oxlint-tsgolint/win32-arm64": ["@oxlint-tsgolint/win32-arm64@0.17.4", "", { "os": "win32", "cpu": "arm64" }, "sha512-pnnkBaI5tHBFhx+EhmpUHccBT3VOAXTgWK2eQBVLE4a/ywhpHN+8D6/QQN+ZTaA4LTkKowvlGD6vDOVP5KRPvw=="],

    "@oxlint-tsgolint/win32-x64": ["@oxlint-tsgolint/win32-x64@0.17.4", "", { "os": "win32", "cpu": "x64" }, "sha512-JxT81aEUBNA/s01Ql2OQ2DLAsuM0M+mK9iLHunukOdPMhjA6NvFE/GtTablBYJKScK21d/xTvnoSLgQU3l22Cw=="],

    "@oxlint/binding-android-arm-eabi": ["@oxlint/binding-android-arm-eabi@1.56.0", "", { "os": "android", "cpu": "arm" }, "sha512-IyfYPthZyiSKwAv/dLjeO18SaK8MxLI9Yss2JrRDyweQAkuL3LhEy7pwIwI7uA3KQc1Vdn20kdmj3q0oUIQL6A=="],

    "@oxlint/binding-android-arm64": ["@oxlint/binding-android-arm64@1.56.0", "", { "os": "android", "cpu": "arm64" }, "sha512-Ga5zYrzH6vc/VFxhn6MmyUnYEfy9vRpwTIks99mY3j6Nz30yYpIkWryI0QKPCgvGUtDSXVLEaMum5nA+WrNOSg=="],

    "@oxlint/binding-darwin-arm64": ["@oxlint/binding-darwin-arm64@1.56.0", "", { "os": "darwin", "cpu": "arm64" }, "sha512-ogmbdJysnw/D4bDcpf1sPLpFThZ48lYp4aKYm10Z/6Nh1SON6NtnNhTNOlhEY296tDFItsZUz+2tgcSYqh8Eyw=="],

    "@oxlint/binding-darwin-x64": ["@oxlint/binding-darwin-x64@1.56.0", "", { "os": "darwin", "cpu": "x64" }, "sha512-x8QE1h+RAtQ2g+3KPsP6Fk/tdz6zJQUv5c7fTrJxXV3GHOo+Ry5p/PsogU4U+iUZg0rj6hS+E4xi+mnwwlDCWQ=="],

    "@oxlint/binding-freebsd-x64": ["@oxlint/binding-freebsd-x64@1.56.0", "", { "os": "freebsd", "cpu": "x64" }, "sha512-6G+WMZvwJpMvY7my+/SHEjb7BTk/PFbePqLpmVmUJRIsJMy/UlyYqjpuh0RCgYYkPLcnXm1rUM04kbTk8yS1Yg=="],

    "@oxlint/binding-linux-arm-gnueabihf": ["@oxlint/binding-linux-arm-gnueabihf@1.56.0", "", { "os": "linux", "cpu": "arm" }, "sha512-YYHBsk/sl7fYwQOok+6W5lBPeUEvisznV/HZD2IfZmF3Bns6cPC3Z0vCtSEOaAWTjYWN3jVsdu55jMxKlsdlhg=="],

    "@oxlint/binding-linux-arm-musleabihf": ["@oxlint/binding-linux-arm-musleabihf@1.56.0", "", { "os": "linux", "cpu": "arm" }, "sha512-+AZK8rOUr78y8WT6XkDb04IbMRqauNV+vgT6f8ZLOH8wnpQ9i7Nol0XLxAu+Cq7Sb+J9wC0j6Km5hG8rj47/yQ=="],

    "@oxlint/binding-linux-arm64-gnu": ["@oxlint/binding-linux-arm64-gnu@1.56.0", "", { "os": "linux", "cpu": "arm64" }, "sha512-urse2SnugwJRojUkGSSeH2LPMaje5Q50yQtvtL9HFckiyeqXzoFwOAZqD5TR29R2lq7UHidfFDM9EGcchcbb8A=="],

    "@oxlint/binding-linux-arm64-musl": ["@oxlint/binding-linux-arm64-musl@1.56.0", "", { "os": "linux", "cpu": "arm64" }, "sha512-rkTZkBfJ4TYLjansjSzL6mgZOdN5IvUnSq3oNJSLwBcNvy3dlgQtpHPrRxrCEbbcp7oQ6If0tkNaqfOsphYZ9g=="],

    "@oxlint/binding-linux-ppc64-gnu": ["@oxlint/binding-linux-ppc64-gnu@1.56.0", "", { "os": "linux", "cpu": "ppc64" }, "sha512-uqL1kMH3u69/e1CH2EJhP3CP28jw2ExLsku4o8RVAZ7fySo9zOyI2fy9pVlTAp4voBLVgzndXi3SgtdyCTa2aA=="],

    "@oxlint/binding-linux-riscv64-gnu": ["@oxlint/binding-linux-riscv64-gnu@1.56.0", "", { "os": "linux", "cpu": "none" }, "sha512-j0CcMBOgV6KsRaBdsebIeiy7hCjEvq2KdEsiULf2LZqAq0v1M1lWjelhCV57LxsqaIGChXFuFJ0RiFrSRHPhSg=="],

    "@oxlint/binding-linux-riscv64-musl": ["@oxlint/binding-linux-riscv64-musl@1.56.0", "", { "os": "linux", "cpu": "none" }, "sha512-7VDOiL8cDG3DQ/CY3yKjbV1c4YPvc4vH8qW09Vv+5ukq3l/Kcyr6XGCd5NvxUmxqDb2vjMpM+eW/4JrEEsUetA=="],

    "@oxlint/binding-linux-s390x-gnu": ["@oxlint/binding-linux-s390x-gnu@1.56.0", "", { "os": "linux", "cpu": "s390x" }, "sha512-JGRpX0M+ikD3WpwJ7vKcHKV6Kg0dT52BW2Eu2BupXotYeqGXBrbY+QPkAyKO6MNgKozyTNaRh3r7g+VWgyAQYQ=="],

    "@oxlint/binding-linux-x64-gnu": ["@oxlint/binding-linux-x64-gnu@1.56.0", "", { "os": "linux", "cpu": "x64" }, "sha512-dNaICPvtmuxFP/VbqdofrLqdS3bM/AKJN3LMJD52si44ea7Be1cBk6NpfIahaysG9Uo+L98QKddU9CD5L8UHnQ=="],

    "@oxlint/binding-linux-x64-musl": ["@oxlint/binding-linux-x64-musl@1.56.0", "", { "os": "linux", "cpu": "x64" }, "sha512-pF1vOtM+GuXmbklM1hV8WMsn6tCNPvkUzklj/Ej98JhlanbmA2RB1BILgOpwSuCTRTIYx2MXssmEyQQ90QF5aA=="],

    "@oxlint/binding-openharmony-arm64": ["@oxlint/binding-openharmony-arm64@1.56.0", "", { "os": "none", "cpu": "arm64" }, "sha512-bp8NQ4RE6fDIFLa4bdBiOA+TAvkNkg+rslR+AvvjlLTYXLy9/uKAYLQudaQouWihLD/hgkrXIKKzXi5IXOewwg=="],

    "@oxlint/binding-win32-arm64-msvc": ["@oxlint/binding-win32-arm64-msvc@1.56.0", "", { "os": "win32", "cpu": "arm64" }, "sha512-PxT4OJDfMOQBzo3OlzFb9gkoSD+n8qSBxyVq2wQSZIHFQYGEqIRTo9M0ZStvZm5fdhMqaVYpOnJvH2hUMEDk/g=="],

    "@oxlint/binding-win32-ia32-msvc": ["@oxlint/binding-win32-ia32-msvc@1.56.0", "", { "os": "win32", "cpu": "ia32" }, "sha512-PTRy6sIEPqy2x8PTP1baBNReN/BNEFmde0L+mYeHmjXE1Vlcc9+I5nsqENsB2yAm5wLkzPoTNCMY/7AnabT4/A=="],

    "@oxlint/binding-win32-x64-msvc": ["@oxlint/binding-win32-x64-msvc@1.56.0", "", { "os": "win32", "cpu": "x64" }, "sha512-ZHa0clocjLmIDr+1LwoWtxRcoYniAvERotvwKUYKhH41NVfl0Y4LNbyQkwMZzwDvKklKGvGZ5+DAG58/Ik47tQ=="],

    "@types/bun": ["@types/bun@1.3.13", "", { "dependencies": { "bun-types": "1.3.13" } }, "sha512-9fqXWk5YIHGGnUau9TEi+qdlTYDAnOj+xLCmSTwXfAIqXr2x4tytJb43E9uCvt09zJURKXwAtkoH4nLQfzeTXw=="],

    "@types/node": ["@types/node@25.7.0", "", { "dependencies": { "undici-types": "~7.21.0" } }, "sha512-z+pdZyxE+RTQE9AcboAZCb4otwcrvgHD+GlBpPgn0emDVt0ohrTMhAwlr2Wd9nZ+nihhYFxO2pThz3C5qSu2Eg=="],

    "@types/ws": ["@types/ws@8.18.1", "", { "dependencies": { "@types/node": "*" } }, "sha512-ThVF6DCVhA8kUGy+aazFQ4kXQ7E1Ty7A3ypFOe0IcJV8O/M511G99AW24irKrW56Wt44yG9+ij8FaqoBGkuBXg=="],

    "@valibot/to-json-schema": ["@valibot/to-json-schema@1.7.0", "", { "peerDependencies": { "valibot": "^1.4.0" } }, "sha512-Y3pPVibbIOHzohrlxSINvO7w/bvXkoYS3BQHoImV9ynE+bXKf171bdMucPurV2zp7gdmt0L1HCcNAsbo7cFRQw=="],

    "ansi-escapes": ["ansi-escapes@7.3.0", "", { "dependencies": { "environment": "^1.0.0" } }, "sha512-BvU8nYgGQBxcmMuEeUEmNTvrMVjJNSH7RgW24vXexN4Ven6qCvy4TntnvlnwnMLTVlcRQQdbRY8NKnaIoeWDNg=="],

    "ansi-regex": ["ansi-regex@6.2.2", "", {}, "sha512-Bq3SmSpyFHaWjPk8If9yc6svM8c56dB5BAtW4Qbw5jHTwwXXcTLoRMkpDJp6VL0XzlWaCHTXrkFURMYmD0sLqg=="],

    "ansi-styles": ["ansi-styles@6.2.3", "", {}, "sha512-4Dj6M28JB+oAH8kFkTLUo+a2jwOFkuqb3yucU0CANcRRUbxS0cP0nZYCGjcc3BNXwRIsUVmDGgzawme7zvJHvg=="],

    "base64-js": ["base64-js@1.5.1", "", {}, "sha512-AKpaYlHn8t4SVbOHCy+b5+KKgvR4vrsD8vbvrbiQJps7fKDTkjkDry6ji0rUJjC0kzbNePLwzxq8iypo41qeWA=="],

    "better-sqlite3": ["better-sqlite3@12.10.0", "", { "dependencies": { "bindings": "^1.5.0", "prebuild-install": "^7.1.1" } }, "sha512-CyzaZRQKyHkB2ZInfTTl2nvT33EbDpjkLEbE8/Zck3Ll6O0qqvuGdrJ45HgtH+HykRg88ITY3AdreBGN70aBSQ=="],

    "bindings": ["bindings@1.5.0", "", { "dependencies": { "file-uri-to-path": "1.0.0" } }, "sha512-p2q/t/mhvuOj/UeLlV6566GD/guowlr0hHxClI0W9m7MWYkL1F0hLo+0Aexs9HSPCtR1SXQ0TD3MMKrXZajbiQ=="],

    "bl": ["bl@4.1.0", "", { "dependencies": { "buffer": "^5.5.0", "inherits": "^2.0.4", "readable-stream": "^3.4.0" } }, "sha512-1W07cM9gS6DcLperZfFSj+bWLtaPGSOHWhPiGzXmvVJbRLdG82sH/Kn8EtW1VqWVA54AKf2h5k5BbnIbwF3h6w=="],

    "buffer": ["buffer@5.7.1", "", { "dependencies": { "base64-js": "^1.3.1", "ieee754": "^1.1.13" } }, "sha512-EHcyIPBQ4BSGlvjB16k5KgAJ27CIsHY/2JBmCRReo48y9rQ3MaUzWX3KVlBa4U7MyX02HdVj0K7C3WaB3ju7FQ=="],

    "bun-types": ["bun-types@1.3.13", "", { "dependencies": { "@types/node": "*" } }, "sha512-QXKeHLlOLqQX9LgYaHJfzdBaV21T63HhFJnvuRCcjZiaUDpbs5ED1MgxbMra71CsryN/1dAoXuJJJwIv/2drVA=="],

    "chalk": ["chalk@5.6.2", "", {}, "sha512-7NzBL0rN6fMUW+f7A6Io4h40qQlG+xGmtMxfbnH/K7TAtt8JQWVQK+6g0UXKMeVJoyV5EkkNsErQ8pVD3bLHbA=="],

    "change-case": ["change-case@5.4.4", "", {}, "sha512-HRQyTk2/YPEkt9TnUPbOpr64Uw3KOicFWPVBb+xiHvd6eBx/qPr9xqfBFDT8P2vWsvvz4jbEkfDe71W3VyNu2w=="],

    "chownr": ["chownr@1.1.4", "", {}, "sha512-jJ0bqzaylmJtVnNgzTeSOs8DPavpbYgEr/b0YL8/2GO3xJEhInFmhKMUnEJQjZumK7KXGFhUy89PrsJWlakBVg=="],

    "cli-cursor": ["cli-cursor@5.0.0", "", { "dependencies": { "restore-cursor": "^5.0.0" } }, "sha512-aCj4O5wKyszjMmDT4tZj93kxyydN/K5zPWSCe6/0AV/AA1pqe5ZBIw0a2ZfPQV7lL5/yb5HsUreJ6UFAF1tEQw=="],

    "cli-truncate": ["cli-truncate@5.2.0", "", { "dependencies": { "slice-ansi": "^8.0.0", "string-width": "^8.2.0" } }, "sha512-xRwvIOMGrfOAnM1JYtqQImuaNtDEv9v6oIYAs4LIHwTiKee8uwvIi363igssOC0O5U04i4AlENs79LQLu9tEMw=="],

    "colorette": ["colorette@2.0.20", "", {}, "sha512-IfEDxwoWIjkeXL1eXcDiow4UbKjhLdq6/EuSVR9GMN7KVH3r9gQ83e73hsz1Nd1T3ijd5xv1wcWRYO+D6kCI2w=="],

    "commander": ["commander@14.0.3", "", {}, "sha512-H+y0Jo/T1RZ9qPP4Eh1pkcQcLRglraJaSLoyOtHxu6AapkjWVCy2Sit1QQ4x3Dng8qDlSsZEet7g5Pq06MvTgw=="],

    "decompress-response": ["decompress-response@6.0.0", "", { "dependencies": { "mimic-response": "^3.1.0" } }, "sha512-aW35yZM6Bb/4oJlZncMH2LCoZtJXTRxES17vE3hoRiowU2kWHaJKFkSBDnDR+cm9J+9QhXmREyIfv0pji9ejCQ=="],

    "deep-extend": ["deep-extend@0.6.0", "", {}, "sha512-LOHxIOaPYdHlJRtCQfDIVZtfw/ufM8+rVj649RIHzcm/vGwQRXFt6OPqIFWsm2XEMrNIEtWR64sY1LEKD2vAOA=="],

    "detect-indent": ["detect-indent@7.0.2", "", {}, "sha512-y+8xyqdGLL+6sh0tVeHcfP/QDd8gUgbasolJJpY7NgeQGSZ739bDtSiaiDgtoicy+mtYB81dKLxO9xRhCyIB3A=="],

    "detect-libc": ["detect-libc@2.0.2", "", {}, "sha512-UX6sGumvvqSaXgdKGUsgZWqcUyIXZ/vZTrlRT/iobiKhGL0zL4d3osHj3uqllWJK+i+sixDS/3COVEOFbupFyw=="],

    "detect-newline": ["detect-newline@4.0.1", "", {}, "sha512-qE3Veg1YXzGHQhlA6jzebZN2qVf6NX+A7m7qlhCGG30dJixrAQhYOsJjsnBjJkCSmuOPpCk30145fr8FV0bzog=="],

    "emoji-regex": ["emoji-regex@10.6.0", "", {}, "sha512-toUI84YS5YmxW219erniWD0CIVOo46xGKColeNQRgOzDorgBi1v4D71/OFzgD9GO2UGKIv1C3Sp8DAn0+j5w7A=="],

    "end-of-stream": ["end-of-stream@1.4.5", "", { "dependencies": { "once": "^1.4.0" } }, "sha512-ooEGc6HP26xXq/N+GCGOT0JKCLDGrq2bQUZrQ7gyrJiZANJ/8YDTxTpQBXGMn+WbIQXNVpyWymm7KYVICQnyOg=="],

    "environment": ["environment@1.1.0", "", {}, "sha512-xUtoPkMggbz0MPyPiIWr1Kp4aeWJjDZ6SMvURhimjdZgsRuDplF5/s9hcgGhyXMhs+6vpnuoiZ2kFiu3FMnS8Q=="],

    "eventemitter3": ["eventemitter3@5.0.4", "", {}, "sha512-mlsTRyGaPBjPedk6Bvw+aqbsXDtoAyAzm5MO7JgU+yVRyMQ5O8bD4Kcci7BS85f93veegeCPkL8R4GLClnjLFw=="],

    "expand-template": ["expand-template@2.0.3", "", {}, "sha512-XYfuKMvj4O35f/pOXLObndIRvyQ+/+6AhODh+OKWj9S9498pHHn/IMszH+gt0fBCRWMNfk1ZSp5x3AifmnI2vg=="],

    "fake-indexeddb": ["fake-indexeddb@6.2.5", "", {}, "sha512-CGnyrvbhPlWYMngksqrSSUT1BAVP49dZocrHuK0SvtR0D5TMs5wP0o3j7jexDJW01KSadjBp1M/71o/KR3nD1w=="],

    "fdir": ["fdir@6.5.0", "", { "peerDependencies": { "picomatch": "^3 || ^4" }, "optionalPeers": ["picomatch"] }, "sha512-tIbYtZbucOs0BRGqPJkshJUYdL+SDH7dVM8gjy+ERp3WAUjLEFJE+02kanyHtwjWOnwrKYBiwAmM0p4kLJAnXg=="],

    "file-uri-to-path": ["file-uri-to-path@1.0.0", "", {}, "sha512-0Zt+s3L7Vf1biwWZ29aARiVYLx7iMGnEUl9x33fbB/j3jR81u/O2LbqK+Bm1CDSNDKVtJ/YjwY7TUd5SkeLQLw=="],

    "fs-constants": ["fs-constants@1.0.0", "", {}, "sha512-y6OAwoSIf7FyjMIv94u+b5rdheZEjzR63GTyZJm5qh4Bi+2YgwLCcI/fPFZkL5PSixOt6ZNKm+w+Hfp/Bciwow=="],

    "get-east-asian-width": ["get-east-asian-width@1.6.0", "", {}, "sha512-QRbvDIbx6YklUe6RxeTeleMR0yv3cYH6PsPZHcnVn7xv7zO1BHN8r0XETu8n6Ye3Q+ahtSarc3WgtNWmehIBfA=="],

    "git-hooks-list": ["git-hooks-list@4.2.1", "", {}, "sha512-WNvqJjOxxs/8ZP9+DWdwWJ7cDsd60NHf39XnD82pDVrKO5q7xfPqpkK6hwEAmBa/ZSEE4IOoR75EzbbIuwGlMw=="],

    "github-from-package": ["github-from-package@0.0.0", "", {}, "sha512-SyHy3T1v2NUXn29OsWdxmK6RwHD+vkj3v8en8AOBZ1wBQ/hCAQ5bAQTD02kW4W9tUp/3Qh6J8r9EvntiyCmOOw=="],

    "husky": ["husky@9.1.7", "", { "bin": { "husky": "bin.js" } }, "sha512-5gs5ytaNjBrh5Ow3zrvdUUY+0VxIuWVL4i9irt6friV+BqdCfmV11CQTWMiBYWHbXhco+J1kHfTOUkePhCDvMA=="],

    "ieee754": ["ieee754@1.2.1", "", {}, "sha512-dcyqhDvX1C46lXZcVqCpK+FtMRQVdIMN6/Df5js2zouUsqG7I6sFxitIC+7KYK29KdXOLHdu9zL4sFnoVQnqaA=="],

    "inherits": ["inherits@2.0.4", "", {}, "sha512-k/vGaX4/Yla3WzyMCvTQOXYeIHvqOKtnqBduzTHpzpQZzAskKMhZ2K+EnBiSM9zGSoIFeMpXKxa4dYeZIQqewQ=="],

    "ini": ["ini@1.3.8", "", {}, "sha512-JV/yugV2uzW5iMRSiZAyDtQd+nxtUnjeLt0acNdw98kKLrvuRVyB80tsREOE7yvGVgalhZ6RNXCmEHkUKBKxew=="],

    "is-fullwidth-code-point": ["is-fullwidth-code-point@5.1.0", "", { "dependencies": { "get-east-asian-width": "^1.3.1" } }, "sha512-5XHYaSyiqADb4RnZ1Bdad6cPp8Toise4TzEjcOYDHZkTCbKgiUl7WTUCpNWHuxmDt91wnsZBc9xinNzopv3JMQ=="],

    "is-plain-obj": ["is-plain-obj@4.1.0", "", {}, "sha512-+Pgi+vMuUNkJyExiMBt5IlFoMyKnr5zhJ4Uspz58WOhBF5QoIZkFyNHIbBAtHwzVAgk5RtndVNsDRN61/mmDqg=="],

    "js-base64": ["js-base64@3.7.8", "", {}, "sha512-hNngCeKxIUQiEUN3GPJOkz4wF/YvdUdbNL9hsBcMQTkKzboD7T/q3OYOuuPZLUE6dBxSGpwhk5mwuDud7JVAow=="],

    "libsql": ["libsql@0.5.29", "", { "dependencies": { "@neon-rs/load": "^0.0.4", "detect-libc": "2.0.2" }, "optionalDependencies": { "@libsql/darwin-arm64": "0.5.29", "@libsql/darwin-x64": "0.5.29", "@libsql/linux-arm-gnueabihf": "0.5.29", "@libsql/linux-arm-musleabihf": "0.5.29", "@libsql/linux-arm64-gnu": "0.5.29", "@libsql/linux-arm64-musl": "0.5.29", "@libsql/linux-x64-gnu": "0.5.29", "@libsql/linux-x64-musl": "0.5.29", "@libsql/win32-x64-msvc": "0.5.29" }, "os": [ "linux", "win32", "darwin", ], "cpu": [ "arm", "x64", "arm64", ] }, "sha512-8lMP8iMgiBzzoNbAPQ59qdVcj6UaE/Vnm+fiwX4doX4Narook0a4GPKWBEv+CR8a1OwbfkgL18uBfBjWdF0Fzg=="],

    "lint-staged": ["lint-staged@16.4.0", "", { "dependencies": { "commander": "^14.0.3", "listr2": "^9.0.5", "picomatch": "^4.0.3", "string-argv": "^0.3.2", "tinyexec": "^1.0.4", "yaml": "^2.8.2" }, "bin": { "lint-staged": "bin/lint-staged.js" } }, "sha512-lBWt8hujh/Cjysw5GYVmZpFHXDCgZzhrOm8vbcUdobADZNOK/bRshr2kM3DfgrrtR1DQhfupW9gnIXOfiFi+bw=="],

    "listr2": ["listr2@9.0.5", "", { "dependencies": { "cli-truncate": "^5.0.0", "colorette": "^2.0.20", "eventemitter3": "^5.0.1", "log-update": "^6.1.0", "rfdc": "^1.4.1", "wrap-ansi": "^9.0.0" } }, "sha512-ME4Fb83LgEgwNw96RKNvKV4VTLuXfoKudAmm2lP8Kk87KaMK0/Xrx/aAkMWmT8mDb+3MlFDspfbCs7adjRxA2g=="],

    "lmdb": ["lmdb@3.5.4", "", { "dependencies": { "@harperfast/extended-iterable": "^1.0.3", "msgpackr": "^1.11.2", "node-addon-api": "^6.1.0", "node-gyp-build-optional-packages": "5.2.2", "ordered-binary": "^1.5.3", "weak-lru-cache": "^1.2.2" }, "optionalDependencies": { "@lmdb/lmdb-darwin-arm64": "3.5.4", "@lmdb/lmdb-darwin-x64": "3.5.4", "@lmdb/lmdb-linux-arm": "3.5.4", "@lmdb/lmdb-linux-arm64": "3.5.4", "@lmdb/lmdb-linux-x64": "3.5.4", "@lmdb/lmdb-win32-arm64": "3.5.4", "@lmdb/lmdb-win32-x64": "3.5.4" }, "bin": { "download-lmdb-prebuilds": "bin/download-prebuilds.js" } }, "sha512-9FKQA6G1MMtqNxfxvSBNXD/axeG2QRjYbNh0/ykRL5xYcRbCm2vXq7B9bhc7nSuKdHzr8/BHIwfPuYYH1UsXXw=="],

    "log-update": ["log-update@6.1.0", "", { "dependencies": { "ansi-escapes": "^7.0.0", "cli-cursor": "^5.0.0", "slice-ansi": "^7.1.0", "strip-ansi": "^7.1.0", "wrap-ansi": "^9.0.0" } }, "sha512-9ie8ItPR6tjY5uYJh8K/Zrv/RMZ5VOlOWvtZdEHYSTFKZfIBPQa9tOAEeAWhd+AnIneLJ22w5fjOYtoutpWq5w=="],

    "mimic-function": ["mimic-function@5.0.1", "", {}, "sha512-VP79XUPxV2CigYP3jWwAUFSku2aKqBH7uTAapFWCBqutsbmDo96KY5o8uh6U+/YSIn5OxJnXp73beVkpqMIGhA=="],

    "mimic-response": ["mimic-response@3.1.0", "", {}, "sha512-z0yWI+4FDrrweS8Zmt4Ej5HdJmky15+L2e6Wgn3+iK5fWzb6T3fhNFq2+MeTRb064c6Wr4N/wv0DzQTjNzHNGQ=="],

    "minimist": ["minimist@1.2.8", "", {}, "sha512-2yyAR8qBkN3YuheJanUpWC5U3bb5osDywNB8RzDVlDwDHbocAJveqqj1u8+SVD7jkWT4yvsHCpWqqWqAxb0zCA=="],

    "mkdirp-classic": ["mkdirp-classic@0.5.3", "", {}, "sha512-gKLcREMhtuZRwRAfqP3RFW+TK4JqApVBtOIftVgjuABpAtpxhPGaDcfvbhNvD0B8iD1oUr/txX35NjcaY6Ns/A=="],

    "msgpackr": ["msgpackr@1.11.12", "", { "optionalDependencies": { "msgpackr-extract": "^3.0.2" } }, "sha512-RBdJ1Un7yGlXWajrkxcSa93nvQ0w4zBf60c0yYv7YtBelP8H2FA7XsfBbMHtXKXUMUxH7zV3Zuozh+kUQWhHvg=="],

    "msgpackr-extract": ["msgpackr-extract@3.0.3", "", { "dependencies": { "node-gyp-build-optional-packages": "5.2.2" }, "optionalDependencies": { "@msgpackr-extract/msgpackr-extract-darwin-arm64": "3.0.3", "@msgpackr-extract/msgpackr-extract-darwin-x64": "3.0.3", "@msgpackr-extract/msgpackr-extract-linux-arm": "3.0.3", "@msgpackr-extract/msgpackr-extract-linux-arm64": "3.0.3", "@msgpackr-extract/msgpackr-extract-linux-x64": "3.0.3", "@msgpackr-extract/msgpackr-extract-win32-x64": "3.0.3" }, "bin": { "download-msgpackr-prebuilds": "bin/download-prebuilds.js" } }, "sha512-P0efT1C9jIdVRefqjzOQ9Xml57zpOXnIuS+csaB4MdZbTdmGDLo8XhzBG1N7aO11gKDDkJvBLULeFTo46wwreA=="],

    "napi-build-utils": ["napi-build-utils@2.0.0", "", {}, "sha512-GEbrYkbfF7MoNaoh2iGG84Mnf/WZfB0GdGEsM8wz7Expx/LlWf5U8t9nvJKXSp3qr5IsEbK04cBGhol/KwOsWA=="],

    "node-abi": ["node-abi@3.92.0", "", { "dependencies": { "semver": "^7.3.5" } }, "sha512-KdHvFWZjEKDf0cakgFjebl371GPsISX2oZHcuyKqM7DtogIsHrqKeLTo8wBHxaXRAQlY2PsPlZmfo+9ZCxEREQ=="],

    "node-addon-api": ["node-addon-api@6.1.0", "", {}, "sha512-+eawOlIgy680F0kBzPUNFhMZGtJ1YmqM6l4+Crf4IkImjYrO/mqPwRMh352g23uIaQKFItcQ64I7KMaJxHgAVA=="],

    "node-gyp-build-optional-packages": ["node-gyp-build-optional-packages@5.2.2", "", { "dependencies": { "detect-libc": "^2.0.1" }, "bin": { "node-gyp-build-optional-packages": "bin.js", "node-gyp-build-optional-packages-optional": "optional.js", "node-gyp-build-optional-packages-test": "build-test.js" } }, "sha512-s+w+rBWnpTMwSFbaE0UXsRlg7hU4FjekKU4eyAih5T8nJuNZT1nNsskXpxmeqSK9UzkBl6UgRlnKc8hz8IEqOw=="],

    "once": ["once@1.4.0", "", { "dependencies": { "wrappy": "1" } }, "sha512-lNaJgI+2Q5URQBkccEKHTQOPaXdUxnZZElQTZY0MFUAuaEqe1E+Nyvgdz/aIyNi6Z9MzO5dv1H8n58/GELp3+w=="],

    "onetime": ["onetime@7.0.0", "", { "dependencies": { "mimic-function": "^5.0.0" } }, "sha512-VXJjc87FScF88uafS3JllDgvAm+c/Slfz06lorj2uAY34rlUu0Nt+v8wreiImcrgAjjIHp1rXpTDlLOGw29WwQ=="],

    "ordered-binary": ["ordered-binary@1.6.1", "", {}, "sha512-QkCdPooczexPLiXIrbVOPYkR3VO3T6v2OyKRkR1Xbhpy7/LAVXwahnRCgRp78Oe/Ehf0C/HATAxfSr6eA1oX+w=="],

    "oxlint": ["oxlint@1.56.0", "", { "optionalDependencies": { "@oxlint/binding-android-arm-eabi": "1.56.0", "@oxlint/binding-android-arm64": "1.56.0", "@oxlint/binding-darwin-arm64": "1.56.0", "@oxlint/binding-darwin-x64": "1.56.0", "@oxlint/binding-freebsd-x64": "1.56.0", "@oxlint/binding-linux-arm-gnueabihf": "1.56.0", "@oxlint/binding-linux-arm-musleabihf": "1.56.0", "@oxlint/binding-linux-arm64-gnu": "1.56.0", "@oxlint/binding-linux-arm64-musl": "1.56.0", "@oxlint/binding-linux-ppc64-gnu": "1.56.0", "@oxlint/binding-linux-riscv64-gnu": "1.56.0", "@oxlint/binding-linux-riscv64-musl": "1.56.0", "@oxlint/binding-linux-s390x-gnu": "1.56.0", "@oxlint/binding-linux-x64-gnu": "1.56.0", "@oxlint/binding-linux-x64-musl": "1.56.0", "@oxlint/binding-openharmony-arm64": "1.56.0", "@oxlint/binding-win32-arm64-msvc": "1.56.0", "@oxlint/binding-win32-ia32-msvc": "1.56.0", "@oxlint/binding-win32-x64-msvc": "1.56.0" }, "peerDependencies": { "oxlint-tsgolint": ">=0.15.0" }, "optionalPeers": ["oxlint-tsgolint"], "bin": { "oxlint": "bin/oxlint" } }, "sha512-Q+5Mj5PVaH/R6/fhMMFzw4dT+KPB+kQW4kaL8FOIq7tfhlnEVp6+3lcWqFruuTNlUo9srZUW3qH7Id4pskeR6g=="],

    "oxlint-tsgolint": ["oxlint-tsgolint@0.17.4", "", { "optionalDependencies": { "@oxlint-tsgolint/darwin-arm64": "0.17.4", "@oxlint-tsgolint/darwin-x64": "0.17.4", "@oxlint-tsgolint/linux-arm64": "0.17.4", "@oxlint-tsgolint/linux-x64": "0.17.4", "@oxlint-tsgolint/win32-arm64": "0.17.4", "@oxlint-tsgolint/win32-x64": "0.17.4" }, "bin": { "tsgolint": "bin/tsgolint.js" } }, "sha512-4F/NXJiK2KnK4LQiULUPXRzVq0LOfextGvwCVRW1VKQbF5epI3MDMEGVAl5XjAGL6IFc7xBc/eVA95wczPeEQg=="],

    "picomatch": ["picomatch@4.0.4", "", {}, "sha512-QP88BAKvMam/3NxH6vj2o21R6MjxZUAd6nlwAS/pnGvN9IVLocLHxGYIzFhg6fUQ+5th6P4dv4eW9jX3DSIj7A=="],

    "prebuild-install": ["prebuild-install@7.1.3", "", { "dependencies": { "detect-libc": "^2.0.0", "expand-template": "^2.0.3", "github-from-package": "0.0.0", "minimist": "^1.2.3", "mkdirp-classic": "^0.5.3", "napi-build-utils": "^2.0.0", "node-abi": "^3.3.0", "pump": "^3.0.0", "rc": "^1.2.7", "simple-get": "^4.0.0", "tar-fs": "^2.0.0", "tunnel-agent": "^0.6.0" }, "bin": { "prebuild-install": "bin.js" } }, "sha512-8Mf2cbV7x1cXPUILADGI3wuhfqWvtiLA1iclTDbFRZkgRQS0NqsPZphna9V+HyTEadheuPmjaJMsbzKQFOzLug=="],

    "prettier": ["prettier@3.8.3", "", { "bin": { "prettier": "bin/prettier.cjs" } }, "sha512-7igPTM53cGHMW8xWuVTydi2KO233VFiTNyF5hLJqpilHfmn8C8gPf+PS7dUT64YcXFbiMGZxS9pCSxL/Dxm/Jw=="],

    "prettier-plugin-organize-imports": ["prettier-plugin-organize-imports@4.3.0", "", { "peerDependencies": { "prettier": ">=2.0", "typescript": ">=2.9", "vue-tsc": "^2.1.0 || 3" }, "optionalPeers": ["vue-tsc"] }, "sha512-FxFz0qFhyBsGdIsb697f/EkvHzi5SZOhWAjxcx2dLt+Q532bAlhswcXGYB1yzjZ69kW8UoadFBw7TyNwlq96Iw=="],

    "promise-limit": ["promise-limit@2.7.0", "", {}, "sha512-7nJ6v5lnJsXwGprnGXga4wx6d1POjvi5Qmf1ivTRxTjH4Z/9Czja/UCMLVmB9N93GeWOU93XaFaEt6jbuoagNw=="],

    "pump": ["pump@3.0.4", "", { "dependencies": { "end-of-stream": "^1.1.0", "once": "^1.3.1" } }, "sha512-VS7sjc6KR7e1ukRFhQSY5LM2uBWAUPiOPa/A3mkKmiMwSmRFUITt0xuj+/lesgnCv+dPIEYlkzrcyXgquIHMcA=="],

    "rc": ["rc@1.2.8", "", { "dependencies": { "deep-extend": "^0.6.0", "ini": "~1.3.0", "minimist": "^1.2.0", "strip-json-comments": "~2.0.1" }, "bin": { "rc": "./cli.js" } }, "sha512-y3bGgqKj3QBdxLbLkomlohkvsA8gdAiUQlSBJnBhfn+BPxg4bc62d8TcBW15wavDfgexCgccckhcZvywyQYPOw=="],

    "readable-stream": ["readable-stream@3.6.2", "", { "dependencies": { "inherits": "^2.0.3", "string_decoder": "^1.1.1", "util-deprecate": "^1.0.1" } }, "sha512-9u/sniCrY3D5WdsERHzHE4G2YCXqoG5FTHUiCC4SIbr6XcLZBY05ya9EKjYek9O5xOAwjGq+1JdGBAS7Q9ScoA=="],

    "restore-cursor": ["restore-cursor@5.1.0", "", { "dependencies": { "onetime": "^7.0.0", "signal-exit": "^4.1.0" } }, "sha512-oMA2dcrw6u0YfxJQXm342bFKX/E4sG9rbTzO9ptUcR/e8A33cHuvStiYOwH7fszkZlZ1z/ta9AAoPk2F4qIOHA=="],

    "rfdc": ["rfdc@1.4.1", "", {}, "sha512-q1b3N5QkRUWUl7iyylaaj3kOpIT0N2i9MqIEQXP73GVsN9cw3fdx8X63cEmWhJGi2PPCF23Ijp7ktmd39rawIA=="],

    "safe-buffer": ["safe-buffer@5.2.1", "", {}, "sha512-rp3So07KcdmmKbGvgaNxQSJr7bGVSVk5S9Eq1F+ppbRo70+YeaDxkw5Dd8NPN+GD6bjnYm2VuPuCXmpuYvmCXQ=="],

    "semver": ["semver@7.8.0", "", { "bin": { "semver": "bin/semver.js" } }, "sha512-AcM7dV/5ul4EekoQ29Agm5vri8JNqRyj39o0qpX6vDF2GZrtutZl5RwgD1XnZjiTAfncsJhMI48QQH3sN87YNA=="],

    "signal-exit": ["signal-exit@4.1.0", "", {}, "sha512-bzyZ1e88w9O1iNJbKnOlvYTrWPDl46O1bG0D3XInv+9tkPrxrN8jUUTiFlDkkmKWgn1M6CfIA13SuGqOa9Korw=="],

    "simple-concat": ["simple-concat@1.0.1", "", {}, "sha512-cSFtAPtRhljv69IK0hTVZQ+OfE9nePi/rtJmw5UjHeVyVroEqJXP1sFztKUy1qU+xvz3u/sfYJLa947b7nAN2Q=="],

    "simple-get": ["simple-get@4.0.1", "", { "dependencies": { "decompress-response": "^6.0.0", "once": "^1.3.1", "simple-concat": "^1.0.0" } }, "sha512-brv7p5WgH0jmQJr1ZDDfKDOSeWWg+OVypG99A/5vYGPqJ6pxiaHLy8nxtFjBA7oMa01ebA9gfh1uMCFqOuXxvA=="],

    "slice-ansi": ["slice-ansi@8.0.0", "", { "dependencies": { "ansi-styles": "^6.2.3", "is-fullwidth-code-point": "^5.1.0" } }, "sha512-stxByr12oeeOyY2BlviTNQlYV5xOj47GirPr4yA1hE9JCtxfQN0+tVbkxwCtYDQWhEKWFHsEK48ORg5jrouCAg=="],

    "sort-object-keys": ["sort-object-keys@2.1.0", "", {}, "sha512-SOiEnthkJKPv2L6ec6HMwhUcN0/lppkeYuN1x63PbyPRrgSPIuBJCiYxYyvWRTtjMlOi14vQUCGUJqS6PLVm8g=="],

    "sort-package-json": ["sort-package-json@3.6.1", "", { "dependencies": { "detect-indent": "^7.0.2", "detect-newline": "^4.0.1", "git-hooks-list": "^4.1.1", "is-plain-obj": "^4.1.0", "semver": "^7.7.3", "sort-object-keys": "^2.0.1", "tinyglobby": "^0.2.15" }, "bin": { "sort-package-json": "cli.js" } }, "sha512-Chgejw1+10p2D0U2tB7au1lHtz6TkFnxmvZktyBCRyV0GgmF6nl1IxXxAsPtJVsUyg/fo+BfCMAVVFUVRkAHrQ=="],

    "string-argv": ["string-argv@0.3.2", "", {}, "sha512-aqD2Q0144Z+/RqG52NeHEkZauTAUWJO8c6yTftGJKO3Tja5tUgIfmIl6kExvhtxSDP7fXB6DvzkfMpCd/F3G+Q=="],

    "string-width": ["string-width@8.2.1", "", { "dependencies": { "get-east-asian-width": "^1.5.0", "strip-ansi": "^7.1.2" } }, "sha512-IIaP0g3iy9Cyy18w3M9YcaDudujEAVHKt3a3QJg1+sr/oX96TbaGUubG0hJyCjCBThFH+tFpcIyoUHUn1ogaLA=="],

    "string_decoder": ["string_decoder@1.3.0", "", { "dependencies": { "safe-buffer": "~5.2.0" } }, "sha512-hkRX8U1WjJFd8LsDJ2yQ/wWWxaopEsABU1XfkM8A+j0+85JAGppt16cr1Whg6KIbb4okU6Mql6BOj+uup/wKeA=="],

    "strip-ansi": ["strip-ansi@7.2.0", "", { "dependencies": { "ansi-regex": "^6.2.2" } }, "sha512-yDPMNjp4WyfYBkHnjIRLfca1i6KMyGCtsVgoKe/z1+6vukgaENdgGBZt+ZmKPc4gavvEZ5OgHfHdrazhgNyG7w=="],

    "strip-json-comments": ["strip-json-comments@2.0.1", "", {}, "sha512-4gB8na07fecVVkOI6Rs4e7T6NOTki5EmL7TUduTs6bu3EdnSycntVJ4re8kgZA+wx9IueI2Y11bfbgwtzuE0KQ=="],

    "tar-fs": ["tar-fs@2.1.4", "", { "dependencies": { "chownr": "^1.1.1", "mkdirp-classic": "^0.5.2", "pump": "^3.0.0", "tar-stream": "^2.1.4" } }, "sha512-mDAjwmZdh7LTT6pNleZ05Yt65HC3E+NiQzl672vQG38jIrehtJk/J3mNwIg+vShQPcLF/LV7CMnDW6vjj6sfYQ=="],

    "tar-stream": ["tar-stream@2.2.0", "", { "dependencies": { "bl": "^4.0.3", "end-of-stream": "^1.4.1", "fs-constants": "^1.0.0", "inherits": "^2.0.3", "readable-stream": "^3.1.1" } }, "sha512-ujeqbceABgwMZxEJnk2HDY2DlnUZ+9oEcb1KzTVfYHio0UE6dG71n60d8D2I4qNvleWrrXpmjpt7vZeF1LnMZQ=="],

    "tinyexec": ["tinyexec@1.1.2", "", {}, "sha512-dAqSqE/RabpBKI8+h26GfLq6Vb3JVXs30XYQjdMjaj/c2tS8IYYMbIzP599KtRj7c57/wYApb3QjgRgXmrCukA=="],

    "tinyglobby": ["tinyglobby@0.2.16", "", { "dependencies": { "fdir": "^6.5.0", "picomatch": "^4.0.4" } }, "sha512-pn99VhoACYR8nFHhxqix+uvsbXineAasWm5ojXoN8xEwK5Kd3/TrhNn1wByuD52UxWRLy8pu+kRMniEi6Eq9Zg=="],

    "tunnel-agent": ["tunnel-agent@0.6.0", "", { "dependencies": { "safe-buffer": "^5.0.1" } }, "sha512-McnNiV1l8RYeY8tBgEpuodCC1mLUdbSN+CYBL7kJsJNInOP8UjDDEwdk6Mw60vdLLrr5NHKZhMAOSrR2NZuQ+w=="],

    "typescript": ["typescript@5.9.3", "", { "bin": { "tsc": "bin/tsc", "tsserver": "bin/tsserver" } }, "sha512-jl1vZzPDinLr9eUt3J/t7V6FgNEw9QjvBPdysz9KfQDD41fQrC2Y4vKQdiaUpFT4bXlb1RHhLpp8wtm6M5TgSw=="],

    "undici-types": ["undici-types@7.21.0", "", {}, "sha512-w9IMgQrz4O0YN1LtB7K5P63vhlIOvC7opSmouCJ+ZywlPAlO9gIkJ+otk6LvGpAs2wg4econaCz3TvQ9xPoyuQ=="],

    "util-deprecate": ["util-deprecate@1.0.2", "", {}, "sha512-EPD5q1uXyFxJpCrLnCc1nHnq3gOa6DZBocAIiI2TaSCA7VCJ1UJDMagCzIkXNsUYfD1daK//LTEQ8xiIbrHtcw=="],

    "valibot": ["valibot@1.4.0", "", { "peerDependencies": { "typescript": ">=5" }, "optionalPeers": ["typescript"] }, "sha512-iC/x7fVcSyOwlm/VSt7RlHnzNGLGvR9GnxdifUeWoCJo0q4ZZvrVkIHC6faTlkxG47I2Y4UrFquPuVHCrOnrLg=="],

    "weak-lru-cache": ["weak-lru-cache@1.2.2", "", {}, "sha512-DEAoo25RfSYMuTGc9vPJzZcZullwIqRDSI9LOy+fkCJPi6hykCnfKaXTuPBDuXAUcqHXyOgFtHNp/kB2FjYHbw=="],

    "wrap-ansi": ["wrap-ansi@9.0.2", "", { "dependencies": { "ansi-styles": "^6.2.1", "string-width": "^7.0.0", "strip-ansi": "^7.1.0" } }, "sha512-42AtmgqjV+X1VpdOfyTGOYRi0/zsoLqtXQckTmqTeybT+BDIbM/Guxo7x3pE2vtpr1ok6xRqM9OpBe+Jyoqyww=="],

    "wrappy": ["wrappy@1.0.2", "", {}, "sha512-l4Sp/DRseor9wL6EvV2+TuQn63dMkPjZ/sp9XkghTEbV9KlPS1xUsZ3u7/IQO4wxtcFB4bgpQPRcR3QCvezPcQ=="],

    "ws": ["ws@8.20.1", "", { "peerDependencies": { "bufferutil": "^4.0.1", "utf-8-validate": ">=5.0.2" }, "optionalPeers": ["bufferutil", "utf-8-validate"] }, "sha512-It4dO0K5v//JtTXuPkfEOaI3uUN87iYPnqo/ZzqCoG3g8uhA66QUMs/SrM0YK7/NAu+r4LMh/9dq2A7k+rHs+w=="],

    "yaml": ["yaml@2.9.0", "", { "bin": { "yaml": "bin.mjs" } }, "sha512-2AvhNX3mb8zd6Zy7INTtSpl1F15HW6Wnqj0srWlkKLcpYl/gMIMJiyuGq2KeI2YFxUPjdlB+3Lc10seMLtL4cA=="],

    "zod": ["zod@4.4.3", "", {}, "sha512-ytENFjIJFl2UwYglde2jchW2Hwm4GJFLDiSXWdTrJQBIN9Fcyp7n4DhxJEiWNAJMV1/BqWfW/kkg71UDcHJyTQ=="],

    "@lostgradient/weft/@types/bun": ["@types/bun@1.3.14", "", { "dependencies": { "bun-types": "1.3.14" } }, "sha512-h1hFqFVcvAvD9j9K7ZW7vd82aSA+rTdznZa+5bwvCwqSB1jmmfLcbIWhOLx1/+boy/xmjgCs/OMUL8hRJSmnPw=="],

    "@lostgradient/weft/oxlint": ["oxlint@1.64.0", "", { "optionalDependencies": { "@oxlint/binding-android-arm-eabi": "1.64.0", "@oxlint/binding-android-arm64": "1.64.0", "@oxlint/binding-darwin-arm64": "1.64.0", "@oxlint/binding-darwin-x64": "1.64.0", "@oxlint/binding-freebsd-x64": "1.64.0", "@oxlint/binding-linux-arm-gnueabihf": "1.64.0", "@oxlint/binding-linux-arm-musleabihf": "1.64.0", "@oxlint/binding-linux-arm64-gnu": "1.64.0", "@oxlint/binding-linux-arm64-musl": "1.64.0", "@oxlint/binding-linux-ppc64-gnu": "1.64.0", "@oxlint/binding-linux-riscv64-gnu": "1.64.0", "@oxlint/binding-linux-riscv64-musl": "1.64.0", "@oxlint/binding-linux-s390x-gnu": "1.64.0", "@oxlint/binding-linux-x64-gnu": "1.64.0", "@oxlint/binding-linux-x64-musl": "1.64.0", "@oxlint/binding-openharmony-arm64": "1.64.0", "@oxlint/binding-win32-arm64-msvc": "1.64.0", "@oxlint/binding-win32-ia32-msvc": "1.64.0", "@oxlint/binding-win32-x64-msvc": "1.64.0" }, "peerDependencies": { "oxlint-tsgolint": ">=0.22.1" }, "optionalPeers": ["oxlint-tsgolint"], "bin": { "oxlint": "bin/oxlint" } }, "sha512-Star3SNpWPeWFPw7kRXIhXUSn6fdiAl25q15CQzH/9WaOtG6e9CWTc25vNZOCr4PE1yEP1GtKJKIKglhj3OmEQ=="],

    "log-update/slice-ansi": ["slice-ansi@7.1.2", "", { "dependencies": { "ansi-styles": "^6.2.1", "is-fullwidth-code-point": "^5.0.0" } }, "sha512-iOBWFgUX7caIZiuutICxVgX1SdxwAVFFKwt1EvMYYec/NWO5meOJ6K5uQxhrYBdQJne4KxiqZc+KptFOWFSI9w=="],

    "node-gyp-build-optional-packages/detect-libc": ["detect-libc@2.1.2", "", {}, "sha512-Btj2BOOO83o3WyH59e8MgXsxEQVcarkUOpEYrubB0urwnN10yQ364rsiByU11nZlqWYZm05i/of7io4mzihBtQ=="],

    "prebuild-install/detect-libc": ["detect-libc@2.1.2", "", {}, "sha512-Btj2BOOO83o3WyH59e8MgXsxEQVcarkUOpEYrubB0urwnN10yQ364rsiByU11nZlqWYZm05i/of7io4mzihBtQ=="],

    "wrap-ansi/string-width": ["string-width@7.2.0", "", { "dependencies": { "emoji-regex": "^10.3.0", "get-east-asian-width": "^1.0.0", "strip-ansi": "^7.1.0" } }, "sha512-tsaTIkKW9b4N+AEj+SVA+WhJzV7/zMhcSu78mLKWSk7cXMOSHsBKFWUs0fWwq8QyK3MgJBQRX6Gbi4kYbdvGkQ=="],

    "@lostgradient/weft/@types/bun/bun-types": ["bun-types@1.3.14", "", { "dependencies": { "@types/node": "*" } }, "sha512-4N0ig0fEomHt5R0KCFWjovxow98rIoRwKolrYdCcknNwMekCXRnWEUvgu5soYV8QXtVsrUD8B95MBOZGPvr6KQ=="],

    "@lostgradient/weft/oxlint/@oxlint/binding-android-arm-eabi": ["@oxlint/binding-android-arm-eabi@1.64.0", "", { "os": "android", "cpu": "arm" }, "sha512-2r6Nq3XXGLHEXKkSj8JtmJ6N4gDw431DPFOg0ZoJHlNjnG6HVMm/ksQ10m0HJ8WBvwgMe1L50UHPaYZutCRPCw=="],

    "@lostgradient/weft/oxlint/@oxlint/binding-android-arm64": ["@oxlint/binding-android-arm64@1.64.0", "", { "os": "android", "cpu": "arm64" }, "sha512-ePJMpePgg7fBv+L/hVx1xXRU5/5gd5m0obLA6hPEfLXF3GjpR8idIDbY1dhQYhyz1ms2wdTccSboo6KEd2Oxtg=="],

    "@lostgradient/weft/oxlint/@oxlint/binding-darwin-arm64": ["@oxlint/binding-darwin-arm64@1.64.0", "", { "os": "darwin", "cpu": "arm64" }, "sha512-U4DMLQd10gJLuoSTLSGbfv3bGjTlUNsScm9Dgb8wwBqmCzidf1pE1pXV4doGNxqwH3KtVng1AGTINA0NvkGLvQ=="],

    "@lostgradient/weft/oxlint/@oxlint/binding-darwin-x64": ["@oxlint/binding-darwin-x64@1.64.0", "", { "os": "darwin", "cpu": "x64" }, "sha512-GoRIL48QWm4/TAvjN8pB1nAG+1/uqc9EdnWT9zqHeb6wsmjZtywj8VRe5aGW47Fdb64YtLOsdLqVxOvQuz98Wg=="],

    "@lostgradient/weft/oxlint/@oxlint/binding-freebsd-x64": ["@oxlint/binding-freebsd-x64@1.64.0", "", { "os": "freebsd", "cpu": "x64" }, "sha512-5dFkv4tkg7PxJJGS9/OjrJwjhuHczrd3OQOkRE0wHcLM+ncUnULtzEPWjqGOxTXxZnLWcB91bGiIznx89TVXyQ=="],

    "@lostgradient/weft/oxlint/@oxlint/binding-linux-arm-gnueabihf": ["@oxlint/binding-linux-arm-gnueabihf@1.64.0", "", { "os": "linux", "cpu": "arm" }, "sha512-jsBqMLl/uOL5+Kq/+BtK9FrmiNGUbx8SiyZXv+WlUxA45KuwcLu9BfiSIL3I3DBDgWM3yZizDITnTK9BcqNBQg=="],

    "@lostgradient/weft/oxlint/@oxlint/binding-linux-arm-musleabihf": ["@oxlint/binding-linux-arm-musleabihf@1.64.0", "", { "os": "linux", "cpu": "arm" }, "sha512-1lrj8At/Uuc9GhjrVFBQo0NEjfBrTkzpmtHIGAhNnIXqn1CAyGL+qrztUsXb2GIluJrpl9Q7qRLJOb/NqydacQ=="],

    "@lostgradient/weft/oxlint/@oxlint/binding-linux-arm64-gnu": ["@oxlint/binding-linux-arm64-gnu@1.64.0", "", { "os": "linux", "cpu": "arm64" }, "sha512-HpSQbubwh03mMhAdy2BYtad/fsY8vDFHDAb6bUwuCYg2VD3xCQgn6ArKcO0oZyLCheacKTv4PrF3Mfu5hgoE2g=="],

    "@lostgradient/weft/oxlint/@oxlint/binding-linux-arm64-musl": ["@oxlint/binding-linux-arm64-musl@1.64.0", "", { "os": "linux", "cpu": "arm64" }, "sha512-00QQ0h0Y7u0G69BgiH3+ky2aaq/QvkDL6DYok8htIuJHxybiux5aQ8jwmg8qIk9wha6UagUP2BAwAzbemcJbpg=="],

    "@lostgradient/weft/oxlint/@oxlint/binding-linux-ppc64-gnu": ["@oxlint/binding-linux-ppc64-gnu@1.64.0", "", { "os": "linux", "cpu": "ppc64" }, "sha512-2GaimTV6EMW+s5HS0An3oGbQme3BgHswvfVdGk3EB57Xe9+/gyT+Qd7lNVzb3rtir52vbIPzXfaYArzs5b5zcw=="],

    "@lostgradient/weft/oxlint/@oxlint/binding-linux-riscv64-gnu": ["@oxlint/binding-linux-riscv64-gnu@1.64.0", "", { "os": "linux", "cpu": "none" }, "sha512-H46AtFb9wypjoVwGdlxrm0DsD809NGmtiK9HiyPKTxkSte2YjhC4S+00rOIrwCaxcyPiGid3Y3OMXp5KMAkGZw=="],

    "@lostgradient/weft/oxlint/@oxlint/binding-linux-riscv64-musl": ["@oxlint/binding-linux-riscv64-musl@1.64.0", "", { "os": "linux", "cpu": "none" }, "sha512-HEgsidjjvvyzdg82icYkuFCf7REDV7B9JFwbIMbVwrKLBY0MrXX+bku3POn/hduZ2yW91IyVDUMq0Bf02KwXQw=="],

    "@lostgradient/weft/oxlint/@oxlint/binding-linux-s390x-gnu": ["@oxlint/binding-linux-s390x-gnu@1.64.0", "", { "os": "linux", "cpu": "s390x" }, "sha512-Axvm8qryotmKN00P5w4JapaSjvP2LOSbdbBJiX+2SuHd3QzhW7TUc8skqgw+ahQZ5DmzEYeHCqauvW8f32Ns6Q=="],

    "@lostgradient/weft/oxlint/@oxlint/binding-linux-x64-gnu": ["@oxlint/binding-linux-x64-gnu@1.64.0", "", { "os": "linux", "cpu": "x64" }, "sha512-cR60vSd7+m+KRZ3GQGfDxWwahW5RMXg0qlGvAluZr0fTUYvw0H9N9AXAF/M/PMqgytyqvVNmBAkJG9l7U30Y1g=="],

    "@lostgradient/weft/oxlint/@oxlint/binding-linux-x64-musl": ["@oxlint/binding-linux-x64-musl@1.64.0", "", { "os": "linux", "cpu": "x64" }, "sha512-2u/aPZ9pEg7HnvZPDsHxUGNnrpr4qaHi+mCgLgpt+LYRzPrS4Px4wPfkIdRdr2GvKnaYyt+XSlto0Vm5sbStTg=="],

    "@lostgradient/weft/oxlint/@oxlint/binding-openharmony-arm64": ["@oxlint/binding-openharmony-arm64@1.64.0", "", { "os": "none", "cpu": "arm64" }, "sha512-kfhkGfCdoXLSxEkrhDlJrvBYajGmq+ma4EMc53dsOWTq+rIBOlI0vTBmpZNnM5oH2LY/K/w1HAK+UQEgjgpVUg=="],

    "@lostgradient/weft/oxlint/@oxlint/binding-win32-arm64-msvc": ["@oxlint/binding-win32-arm64-msvc@1.64.0", "", { "os": "win32", "cpu": "arm64" }, "sha512-r/cNKBFieONoVu2bb1KkVouq9W+edDUgHumXJGphCRRj+U0xaD4nanrw8ZOqo0IsutPkEM4vCcGBpak6x5aXMg=="],

    "@lostgradient/weft/oxlint/@oxlint/binding-win32-ia32-msvc": ["@oxlint/binding-win32-ia32-msvc@1.64.0", "", { "os": "win32", "cpu": "ia32" }, "sha512-tUw0xUUwEFVZbpJoeCblkv8SJA4Xz3CdXCJbAnBsiNLyxDrk2tLcxEAS6M73Q7hHHDg3OtwI8vZVK3t5RJt4Gw=="],

    "@lostgradient/weft/oxlint/@oxlint/binding-win32-x64-msvc": ["@oxlint/binding-win32-x64-msvc@1.64.0", "", { "os": "win32", "cpu": "x64" }, "sha512-9CBR+LO0JVST87fNTzzNxS5I29jIUO5gxT9i9+M3SDHHALElj9sY1Prf12tad3vIRC6OD7Ehtvvh+sn13vSwHw=="],
  }
}
